
Microsoft Visual Studio Solution File, Format Version 12.00
# Visual Studio Version 17
VisualStudioVersion = 17.10.34928.147
MinimumVisualStudioVersion = 10.0.40219.1
Project("{FAE04EC0-301F-11D3-BF4B-00C04F79EFBC}") = "exerciciosCSharp", "exerciciosCSharp\exerciciosCSharp.csproj", "{855E8A78-1BD6-49EB-8EA8-301063B0DA96}"
EndProject
Global
	GlobalSection(SolutionConfigurationPlatforms) = preSolution
		Debug|Any CPU = Debug|Any CPU
		Release|Any CPU = Release|Any CPU
	EndGlobalSection
	GlobalSection(ProjectConfigurationPlatforms) = postSolution
		{855E8A78-1BD6-49EB-8EA8-301063B0DA96}.Debug|Any CPU.ActiveCfg = Debug|Any CPU
		{855E8A78-1BD6-49EB-8EA8-301063B0DA96}.Debug|Any CPU.Build.0 = Debug|Any CPU
		{855E8A78-1BD6-49EB-8EA8-301063B0DA96}.Release|Any CPU.ActiveCfg = Release|Any CPU
		{855E8A78-1BD6-49EB-8EA8-301063B0DA96}.Release|Any CPU.Build.0 = Release|Any CPU
	EndGlobalSection
	GlobalSection(SolutionProperties) = preSolution
		HideSolutionNode = FALSE
	EndGlobalSection
	GlobalSection(ExtensibilityGlobals) = postSolution
		SolutionGuid = {C886C703-53E4-41A7-B2F9-32FA7B5DAAA9}
	EndGlobalSection
EndGlobal
